
Microsoft Visual Studio Solution File, Format Version 12.00
# Visual Studio Version 16
VisualStudioVersion = 16.0.30011.22
MinimumVisualStudioVersion = 10.0.40219.1
Project("{FAE04EC0-301F-11D3-BF4B-00C04F79EFBC}") = "MyCalculator", "MyCalculator\MyCalculator.csproj", "{2EEEDE43-581E-4CF5-9A81-09338CF4B2A2}"
EndProject
Global
	GlobalSection(SolutionConfigurationPlatforms) = preSolution
		Debug|Any CPU = Debug|Any CPU
		Release|Any CPU = Release|Any CPU
	EndGlobalSection
	GlobalSection(ProjectConfigurationPlatforms) = postSolution
		{2EEEDE43-581E-4CF5-9A81-09338CF4B2A2}.Debug|Any CPU.ActiveCfg = Debug|Any CPU
		{2EEEDE43-581E-4CF5-9A81-09338CF4B2A2}.Debug|Any CPU.Build.0 = Debug|Any CPU
		{2EEEDE43-581E-4CF5-9A81-09338CF4B2A2}.Release|Any CPU.ActiveCfg = Release|Any CPU
		{2EEEDE43-581E-4CF5-9A81-09338CF4B2A2}.Release|Any CPU.Build.0 = Release|Any CPU
	EndGlobalSection
	GlobalSection(SolutionProperties) = preSolution
		HideSolutionNode = FALSE
	EndGlobalSection
	GlobalSection(ExtensibilityGlobals) = postSolution
		SolutionGuid = {7B9D51DA-B18E-42EB-9C34-396600C01BB9}
	EndGlobalSection
EndGlobal
